
Microsoft Visual Studio Solution File, Format Version 12.00
# Visual Studio 2012
Project("{FAE04EC0-301F-11D3-BF4B-00C04F79EFBC}") = "MemoryLeak", "MemoryLeak\MemoryLeak.csproj", "{E25BB0D1-1F73-48F1-AA2D-E229C260E439}"
EndProject
Project("{FAE04EC0-301F-11D3-BF4B-00C04F79EFBC}") = "AllocateAndRelease", "AllocateAndRelease\AllocateAndRelease.csproj", "{62B66FCD-7F99-43D0-B1CD-D8E46C6C92B6}"
EndProject
Project("{FAE04EC0-301F-11D3-BF4B-00C04F79EFBC}") = "JitCall", "JitCall\JitCall.csproj", "{07AF1198-EE52-472D-BBB9-A1836CF526C9}"
EndProject
Project("{FAE04EC0-301F-11D3-BF4B-00C04F79EFBC}") = "Pinning", "Pinning\Pinning.csproj", "{F1431B10-4D07-411F-83C5-6BB62660B506}"
EndProject
Project("{FAE04EC0-301F-11D3-BF4B-00C04F79EFBC}") = "Tasks", "Tasks\Tasks.csproj", "{09FC7C4B-F63C-4D9C-8A12-28BDF4BF1394}"
EndProject
Project("{FAE04EC0-301F-11D3-BF4B-00C04F79EFBC}") = "LargeMemoryUsage", "LargeMemoryUsage\LargeMemoryUsage.csproj", "{80FADEF6-586E-4EE0-BB52-0625F7EA5B9C}"
EndProject
Project("{FAE04EC0-301F-11D3-BF4B-00C04F79EFBC}") = "AsyncAwait", "AsyncAwait\AsyncAwait.csproj", "{29ABECFA-FEA1-4475-B91B-9F78EE63AF61}"
EndProject
Project("{FAE04EC0-301F-11D3-BF4B-00C04F79EFBC}") = "CompressFiles", "CompressFiles\CompressFiles.csproj", "{12C4F0A8-1B76-4B69-9037-30A160C42FB4}"
EndProject
Project("{FAE04EC0-301F-11D3-BF4B-00C04F79EFBC}") = "MultiThreadRand", "MultiThreadRand\MultiThreadRand.csproj", "{30EBADB7-F1D8-4F38-BB3D-B6459ECBD3BF}"
EndProject
Project("{2150E333-8FDC-42A3-9474-1A3956D46DE8}") = "Memory", "Memory", "{9DB88F39-EE33-4510-A490-488FFFC2FB63}"
EndProject
Project("{2150E333-8FDC-42A3-9474-1A3956D46DE8}") = "Multithreading", "Multithreading", "{1BA8F7D6-E5E4-4278-88D1-B3E41DB17C4F}"
EndProject
Project("{FAE04EC0-301F-11D3-BF4B-00C04F79EFBC}") = "ForEachVsFor", "ForEachVsFor\ForEachVsFor.csproj", "{A13D7F33-E669-4884-B941-1FD4685252FC}"
EndProject
Project("{FAE04EC0-301F-11D3-BF4B-00C04F79EFBC}") = "CastingPerf", "CastingPerf\CastingPerf.csproj", "{8D442D46-F3AE-4602-AA43-3820C4929DC7}"
EndProject
Project("{FAE04EC0-301F-11D3-BF4B-00C04F79EFBC}") = "DelegateConstruction", "DelegateConstruction\DelegateConstruction.csproj", "{98D3E4B6-47BE-49BD-8710-6A938DE2DCDA}"
EndProject
Project("{FAE04EC0-301F-11D3-BF4B-00C04F79EFBC}") = "ReflectionExe", "ReflectionExe\ReflectionExe.csproj", "{170C0072-050A-4395-ABA4-B8E42FF001E3}"
EndProject
Project("{FAE04EC0-301F-11D3-BF4B-00C04F79EFBC}") = "ReflectionInterface", "ReflectionInterface\ReflectionInterface.csproj", "{89D2DBE5-405F-41ED-82EB-E9D65FC5009E}"
EndProject
Project("{2150E333-8FDC-42A3-9474-1A3956D46DE8}") = "Reflection", "Reflection", "{116C20DE-5265-4971-8A57-C9BFA10E124C}"
EndProject
Project("{FAE04EC0-301F-11D3-BF4B-00C04F79EFBC}") = "PerfCountersTypingSpeed", "PerfCountersTypingSpeed\PerfCountersTypingSpeed.csproj", "{5936AD35-B55F-4AAA-BB26-FD00C96F3F9B}"
EndProject
Project("{FAE04EC0-301F-11D3-BF4B-00C04F79EFBC}") = "EtlDemo", "EtlDemo\EtlDemo.csproj", "{833F3DEF-D8B3-45CC-8EBF-FBABA90CCF8E}"
EndProject
Project("{FAE04EC0-301F-11D3-BF4B-00C04F79EFBC}") = "GCNotification", "GCNotification\GCNotification.csproj", "{D1F6F43E-CE70-40FB-8819-80EE7C8B649F}"
EndProject
Project("{FAE04EC0-301F-11D3-BF4B-00C04F79EFBC}") = "TaskCancellation", "TaskCancellation\TaskCancellation.csproj", "{E857958F-6872-4F21-ACBB-F357C4ED315C}"
EndProject
Project("{FAE04EC0-301F-11D3-BF4B-00C04F79EFBC}") = "ParallelLoops", "ParallelLoops\ParallelLoops.csproj", "{DC5088AC-AEEE-4CB7-B47E-CA77BA18C7DA}"
EndProject
Project("{FAE04EC0-301F-11D3-BF4B-00C04F79EFBC}") = "LockFreeStack", "LockFreeStack\LockFreeStack.csproj", "{D025E3F6-7002-4F17-AA2C-E7A89359B3C7}"
EndProject
Project("{FAE04EC0-301F-11D3-BF4B-00C04F79EFBC}") = "DynamicLoadExecutor", "DynamicLoadExecutor\DynamicLoadExecutor.csproj", "{1728A3B5-5D57-4E2D-B92A-45F101DAD31B}"
	ProjectSection(ProjectDependencies) = postProject
		{56B022DC-F6A1-4611-932D-C170A47C0679} = {56B022DC-F6A1-4611-932D-C170A47C0679}
	EndProjectSection
EndProject
Project("{2150E333-8FDC-42A3-9474-1A3956D46DE8}") = "DynamicLoad", "DynamicLoad", "{56DDC395-6D25-4BFF-9484-81285E7D449D}"
EndProject
Project("{FAE04EC0-301F-11D3-BF4B-00C04F79EFBC}") = "WaitAsync", "WaitAsync\WaitAsync.csproj", "{1255EA13-B5D4-4C80-8C68-F64B9C743510}"
EndProject
Project("{FAE04EC0-301F-11D3-BF4B-00C04F79EFBC}") = "TaskFromAsync", "TaskFromAsync\TaskFromAsync.csproj", "{9E62AFDB-21B8-4D75-9ADB-E427EBF54CFF}"
EndProject
Project("{FAE04EC0-301F-11D3-BF4B-00C04F79EFBC}") = "PooledObjects", "PooledObjects\PooledObjects.csproj", "{05BF5DC7-FF0E-4ACD-81C5-55432A995FDC}"
EndProject
Project("{FAE04EC0-301F-11D3-BF4B-00C04F79EFBC}") = "AsyncFileRead", "AsyncFileRead\AsyncFileRead.csproj", "{8B0F0EDF-7772-455C-BA57-056D662347BB}"
EndProject
Project("{FAE04EC0-301F-11D3-BF4B-00C04F79EFBC}") = "Boxing", "Boxing\Boxing.csproj", "{AA7F6438-9D19-45AC-B587-21D1D2E1E9B0}"
EndProject
Project("{FAE04EC0-301F-11D3-BF4B-00C04F79EFBC}") = "DynamicLoadExtension", "DynamicLoadExtension\DynamicLoadExtension.csproj", "{56B022DC-F6A1-4611-932D-C170A47C0679}"
EndProject
Project("{FAE04EC0-301F-11D3-BF4B-00C04F79EFBC}") = "ReflectionExtension", "ReflectionExtension\ReflectionExtension.csproj", "{34D626F9-84E4-4A53-ABC3-197E73038D0C}"
	ProjectSection(ProjectDependencies) = postProject
		{170C0072-050A-4395-ABA4-B8E42FF001E3} = {170C0072-050A-4395-ABA4-B8E42FF001E3}
	EndProjectSection
EndProject
Project("{FAE04EC0-301F-11D3-BF4B-00C04F79EFBC}") = "ExceptionCost", "ExceptionCost\ExceptionCost.csproj", "{6619E672-4B59-42AA-843C-92D70858ADBA}"
EndProject
Project("{FAE04EC0-301F-11D3-BF4B-00C04F79EFBC}") = "HighContention", "HighContention\HighContention.csproj", "{32EED29B-2482-4EDD-B0DE-5D6D5A93C4A7}"
EndProject
Project("{FAE04EC0-301F-11D3-BF4B-00C04F79EFBC}") = "HeavyBoxing", "HeavyBoxing\HeavyBoxing.csproj", "{A03D8A19-1C5F-46E6-A23D-BDFBD552900C}"
EndProject
Global
	GlobalSection(SolutionConfigurationPlatforms) = preSolution
		Debug|Any CPU = Debug|Any CPU
		Release|Any CPU = Release|Any CPU
	EndGlobalSection
	GlobalSection(ProjectConfigurationPlatforms) = postSolution
		{E25BB0D1-1F73-48F1-AA2D-E229C260E439}.Debug|Any CPU.ActiveCfg = Debug|Any CPU
		{E25BB0D1-1F73-48F1-AA2D-E229C260E439}.Debug|Any CPU.Build.0 = Debug|Any CPU
		{E25BB0D1-1F73-48F1-AA2D-E229C260E439}.Release|Any CPU.ActiveCfg = Release|Any CPU
		{E25BB0D1-1F73-48F1-AA2D-E229C260E439}.Release|Any CPU.Build.0 = Release|Any CPU
		{62B66FCD-7F99-43D0-B1CD-D8E46C6C92B6}.Debug|Any CPU.ActiveCfg = Debug|Any CPU
		{62B66FCD-7F99-43D0-B1CD-D8E46C6C92B6}.Debug|Any CPU.Build.0 = Debug|Any CPU
		{62B66FCD-7F99-43D0-B1CD-D8E46C6C92B6}.Release|Any CPU.ActiveCfg = Release|Any CPU
		{62B66FCD-7F99-43D0-B1CD-D8E46C6C92B6}.Release|Any CPU.Build.0 = Release|Any CPU
		{07AF1198-EE52-472D-BBB9-A1836CF526C9}.Debug|Any CPU.ActiveCfg = Debug|Any CPU
		{07AF1198-EE52-472D-BBB9-A1836CF526C9}.Debug|Any CPU.Build.0 = Debug|Any CPU
		{07AF1198-EE52-472D-BBB9-A1836CF526C9}.Release|Any CPU.ActiveCfg = Release|Any CPU
		{07AF1198-EE52-472D-BBB9-A1836CF526C9}.Release|Any CPU.Build.0 = Release|Any CPU
		{F1431B10-4D07-411F-83C5-6BB62660B506}.Debug|Any CPU.ActiveCfg = Debug|Any CPU
		{F1431B10-4D07-411F-83C5-6BB62660B506}.Debug|Any CPU.Build.0 = Debug|Any CPU
		{F1431B10-4D07-411F-83C5-6BB62660B506}.Release|Any CPU.ActiveCfg = Release|Any CPU
		{F1431B10-4D07-411F-83C5-6BB62660B506}.Release|Any CPU.Build.0 = Release|Any CPU
		{09FC7C4B-F63C-4D9C-8A12-28BDF4BF1394}.Debug|Any CPU.ActiveCfg = Debug|Any CPU
		{09FC7C4B-F63C-4D9C-8A12-28BDF4BF1394}.Debug|Any CPU.Build.0 = Debug|Any CPU
		{09FC7C4B-F63C-4D9C-8A12-28BDF4BF1394}.Release|Any CPU.ActiveCfg = Release|Any CPU
		{09FC7C4B-F63C-4D9C-8A12-28BDF4BF1394}.Release|Any CPU.Build.0 = Release|Any CPU
		{80FADEF6-586E-4EE0-BB52-0625F7EA5B9C}.Debug|Any CPU.ActiveCfg = Debug|Any CPU
		{80FADEF6-586E-4EE0-BB52-0625F7EA5B9C}.Debug|Any CPU.Build.0 = Debug|Any CPU
		{80FADEF6-586E-4EE0-BB52-0625F7EA5B9C}.Release|Any CPU.ActiveCfg = Release|Any CPU
		{80FADEF6-586E-4EE0-BB52-0625F7EA5B9C}.Release|Any CPU.Build.0 = Release|Any CPU
		{29ABECFA-FEA1-4475-B91B-9F78EE63AF61}.Debug|Any CPU.ActiveCfg = Debug|Any CPU
		{29ABECFA-FEA1-4475-B91B-9F78EE63AF61}.Debug|Any CPU.Build.0 = Debug|Any CPU
		{29ABECFA-FEA1-4475-B91B-9F78EE63AF61}.Release|Any CPU.ActiveCfg = Release|Any CPU
		{29ABECFA-FEA1-4475-B91B-9F78EE63AF61}.Release|Any CPU.Build.0 = Release|Any CPU
		{12C4F0A8-1B76-4B69-9037-30A160C42FB4}.Debug|Any CPU.ActiveCfg = Debug|Any CPU
		{12C4F0A8-1B76-4B69-9037-30A160C42FB4}.Debug|Any CPU.Build.0 = Debug|Any CPU
		{12C4F0A8-1B76-4B69-9037-30A160C42FB4}.Release|Any CPU.ActiveCfg = Release|Any CPU
		{12C4F0A8-1B76-4B69-9037-30A160C42FB4}.Release|Any CPU.Build.0 = Release|Any CPU
		{30EBADB7-F1D8-4F38-BB3D-B6459ECBD3BF}.Debug|Any CPU.ActiveCfg = Debug|Any CPU
		{30EBADB7-F1D8-4F38-BB3D-B6459ECBD3BF}.Debug|Any CPU.Build.0 = Debug|Any CPU
		{30EBADB7-F1D8-4F38-BB3D-B6459ECBD3BF}.Release|Any CPU.ActiveCfg = Release|Any CPU
		{30EBADB7-F1D8-4F38-BB3D-B6459ECBD3BF}.Release|Any CPU.Build.0 = Release|Any CPU
		{A13D7F33-E669-4884-B941-1FD4685252FC}.Debug|Any CPU.ActiveCfg = Debug|Any CPU
		{A13D7F33-E669-4884-B941-1FD4685252FC}.Debug|Any CPU.Build.0 = Debug|Any CPU
		{A13D7F33-E669-4884-B941-1FD4685252FC}.Release|Any CPU.ActiveCfg = Release|Any CPU
		{A13D7F33-E669-4884-B941-1FD4685252FC}.Release|Any CPU.Build.0 = Release|Any CPU
		{8D442D46-F3AE-4602-AA43-3820C4929DC7}.Debug|Any CPU.ActiveCfg = Debug|Any CPU
		{8D442D46-F3AE-4602-AA43-3820C4929DC7}.Debug|Any CPU.Build.0 = Debug|Any CPU
		{8D442D46-F3AE-4602-AA43-3820C4929DC7}.Release|Any CPU.ActiveCfg = Release|Any CPU
		{8D442D46-F3AE-4602-AA43-3820C4929DC7}.Release|Any CPU.Build.0 = Release|Any CPU
		{98D3E4B6-47BE-49BD-8710-6A938DE2DCDA}.Debug|Any CPU.ActiveCfg = Debug|Any CPU
		{98D3E4B6-47BE-49BD-8710-6A938DE2DCDA}.Debug|Any CPU.Build.0 = Debug|Any CPU
		{98D3E4B6-47BE-49BD-8710-6A938DE2DCDA}.Release|Any CPU.ActiveCfg = Release|Any CPU
		{98D3E4B6-47BE-49BD-8710-6A938DE2DCDA}.Release|Any CPU.Build.0 = Release|Any CPU
		{170C0072-050A-4395-ABA4-B8E42FF001E3}.Debug|Any CPU.ActiveCfg = Debug|Any CPU
		{170C0072-050A-4395-ABA4-B8E42FF001E3}.Debug|Any CPU.Build.0 = Debug|Any CPU
		{170C0072-050A-4395-ABA4-B8E42FF001E3}.Release|Any CPU.ActiveCfg = Release|Any CPU
		{170C0072-050A-4395-ABA4-B8E42FF001E3}.Release|Any CPU.Build.0 = Release|Any CPU
		{89D2DBE5-405F-41ED-82EB-E9D65FC5009E}.Debug|Any CPU.ActiveCfg = Debug|Any CPU
		{89D2DBE5-405F-41ED-82EB-E9D65FC5009E}.Debug|Any CPU.Build.0 = Debug|Any CPU
		{89D2DBE5-405F-41ED-82EB-E9D65FC5009E}.Release|Any CPU.ActiveCfg = Release|Any CPU
		{89D2DBE5-405F-41ED-82EB-E9D65FC5009E}.Release|Any CPU.Build.0 = Release|Any CPU
		{5936AD35-B55F-4AAA-BB26-FD00C96F3F9B}.Debug|Any CPU.ActiveCfg = Debug|Any CPU
		{5936AD35-B55F-4AAA-BB26-FD00C96F3F9B}.Debug|Any CPU.Build.0 = Debug|Any CPU
		{5936AD35-B55F-4AAA-BB26-FD00C96F3F9B}.Release|Any CPU.ActiveCfg = Release|Any CPU
		{5936AD35-B55F-4AAA-BB26-FD00C96F3F9B}.Release|Any CPU.Build.0 = Release|Any CPU
		{833F3DEF-D8B3-45CC-8EBF-FBABA90CCF8E}.Debug|Any CPU.ActiveCfg = Debug|Any CPU
		{833F3DEF-D8B3-45CC-8EBF-FBABA90CCF8E}.Debug|Any CPU.Build.0 = Debug|Any CPU
		{833F3DEF-D8B3-45CC-8EBF-FBABA90CCF8E}.Release|Any CPU.ActiveCfg = Release|Any CPU
		{833F3DEF-D8B3-45CC-8EBF-FBABA90CCF8E}.Release|Any CPU.Build.0 = Release|Any CPU
		{D1F6F43E-CE70-40FB-8819-80EE7C8B649F}.Debug|Any CPU.ActiveCfg = Debug|Any CPU
		{D1F6F43E-CE70-40FB-8819-80EE7C8B649F}.Debug|Any CPU.Build.0 = Debug|Any CPU
		{D1F6F43E-CE70-40FB-8819-80EE7C8B649F}.Release|Any CPU.ActiveCfg = Release|Any CPU
		{D1F6F43E-CE70-40FB-8819-80EE7C8B649F}.Release|Any CPU.Build.0 = Release|Any CPU
		{E857958F-6872-4F21-ACBB-F357C4ED315C}.Debug|Any CPU.ActiveCfg = Debug|Any CPU
		{E857958F-6872-4F21-ACBB-F357C4ED315C}.Debug|Any CPU.Build.0 = Debug|Any CPU
		{E857958F-6872-4F21-ACBB-F357C4ED315C}.Release|Any CPU.ActiveCfg = Release|Any CPU
		{E857958F-6872-4F21-ACBB-F357C4ED315C}.Release|Any CPU.Build.0 = Release|Any CPU
		{DC5088AC-AEEE-4CB7-B47E-CA77BA18C7DA}.Debug|Any CPU.ActiveCfg = Debug|Any CPU
		{DC5088AC-AEEE-4CB7-B47E-CA77BA18C7DA}.Debug|Any CPU.Build.0 = Debug|Any CPU
		{DC5088AC-AEEE-4CB7-B47E-CA77BA18C7DA}.Release|Any CPU.ActiveCfg = Release|Any CPU
		{DC5088AC-AEEE-4CB7-B47E-CA77BA18C7DA}.Release|Any CPU.Build.0 = Release|Any CPU
		{D025E3F6-7002-4F17-AA2C-E7A89359B3C7}.Debug|Any CPU.ActiveCfg = Debug|Any CPU
		{D025E3F6-7002-4F17-AA2C-E7A89359B3C7}.Debug|Any CPU.Build.0 = Debug|Any CPU
		{D025E3F6-7002-4F17-AA2C-E7A89359B3C7}.Release|Any CPU.ActiveCfg = Release|Any CPU
		{D025E3F6-7002-4F17-AA2C-E7A89359B3C7}.Release|Any CPU.Build.0 = Release|Any CPU
		{1728A3B5-5D57-4E2D-B92A-45F101DAD31B}.Debug|Any CPU.ActiveCfg = Debug|Any CPU
		{1728A3B5-5D57-4E2D-B92A-45F101DAD31B}.Debug|Any CPU.Build.0 = Debug|Any CPU
		{1728A3B5-5D57-4E2D-B92A-45F101DAD31B}.Release|Any CPU.ActiveCfg = Release|Any CPU
		{1728A3B5-5D57-4E2D-B92A-45F101DAD31B}.Release|Any CPU.Build.0 = Release|Any CPU
		{1255EA13-B5D4-4C80-8C68-F64B9C743510}.Debug|Any CPU.ActiveCfg = Debug|Any CPU
		{1255EA13-B5D4-4C80-8C68-F64B9C743510}.Debug|Any CPU.Build.0 = Debug|Any CPU
		{1255EA13-B5D4-4C80-8C68-F64B9C743510}.Release|Any CPU.ActiveCfg = Release|Any CPU
		{1255EA13-B5D4-4C80-8C68-F64B9C743510}.Release|Any CPU.Build.0 = Release|Any CPU
		{9E62AFDB-21B8-4D75-9ADB-E427EBF54CFF}.Debug|Any CPU.ActiveCfg = Debug|Any CPU
		{9E62AFDB-21B8-4D75-9ADB-E427EBF54CFF}.Debug|Any CPU.Build.0 = Debug|Any CPU
		{9E62AFDB-21B8-4D75-9ADB-E427EBF54CFF}.Release|Any CPU.ActiveCfg = Release|Any CPU
		{9E62AFDB-21B8-4D75-9ADB-E427EBF54CFF}.Release|Any CPU.Build.0 = Release|Any CPU
		{05BF5DC7-FF0E-4ACD-81C5-55432A995FDC}.Debug|Any CPU.ActiveCfg = Debug|Any CPU
		{05BF5DC7-FF0E-4ACD-81C5-55432A995FDC}.Debug|Any CPU.Build.0 = Debug|Any CPU
		{05BF5DC7-FF0E-4ACD-81C5-55432A995FDC}.Release|Any CPU.ActiveCfg = Release|Any CPU
		{05BF5DC7-FF0E-4ACD-81C5-55432A995FDC}.Release|Any CPU.Build.0 = Release|Any CPU
		{8B0F0EDF-7772-455C-BA57-056D662347BB}.Debug|Any CPU.ActiveCfg = Debug|Any CPU
		{8B0F0EDF-7772-455C-BA57-056D662347BB}.Debug|Any CPU.Build.0 = Debug|Any CPU
		{8B0F0EDF-7772-455C-BA57-056D662347BB}.Release|Any CPU.ActiveCfg = Release|Any CPU
		{8B0F0EDF-7772-455C-BA57-056D662347BB}.Release|Any CPU.Build.0 = Release|Any CPU
		{AA7F6438-9D19-45AC-B587-21D1D2E1E9B0}.Debug|Any CPU.ActiveCfg = Debug|Any CPU
		{AA7F6438-9D19-45AC-B587-21D1D2E1E9B0}.Debug|Any CPU.Build.0 = Debug|Any CPU
		{AA7F6438-9D19-45AC-B587-21D1D2E1E9B0}.Release|Any CPU.ActiveCfg = Release|Any CPU
		{AA7F6438-9D19-45AC-B587-21D1D2E1E9B0}.Release|Any CPU.Build.0 = Release|Any CPU
		{56B022DC-F6A1-4611-932D-C170A47C0679}.Debug|Any CPU.ActiveCfg = Debug|Any CPU
		{56B022DC-F6A1-4611-932D-C170A47C0679}.Debug|Any CPU.Build.0 = Debug|Any CPU
		{56B022DC-F6A1-4611-932D-C170A47C0679}.Release|Any CPU.ActiveCfg = Release|Any CPU
		{56B022DC-F6A1-4611-932D-C170A47C0679}.Release|Any CPU.Build.0 = Release|Any CPU
		{34D626F9-84E4-4A53-ABC3-197E73038D0C}.Debug|Any CPU.ActiveCfg = Debug|Any CPU
		{34D626F9-84E4-4A53-ABC3-197E73038D0C}.Debug|Any CPU.Build.0 = Debug|Any CPU
		{34D626F9-84E4-4A53-ABC3-197E73038D0C}.Release|Any CPU.ActiveCfg = Release|Any CPU
		{34D626F9-84E4-4A53-ABC3-197E73038D0C}.Release|Any CPU.Build.0 = Release|Any CPU
		{6619E672-4B59-42AA-843C-92D70858ADBA}.Debug|Any CPU.ActiveCfg = Debug|Any CPU
		{6619E672-4B59-42AA-843C-92D70858ADBA}.Debug|Any CPU.Build.0 = Debug|Any CPU
		{6619E672-4B59-42AA-843C-92D70858ADBA}.Release|Any CPU.ActiveCfg = Release|Any CPU
		{6619E672-4B59-42AA-843C-92D70858ADBA}.Release|Any CPU.Build.0 = Release|Any CPU
		{32EED29B-2482-4EDD-B0DE-5D6D5A93C4A7}.Debug|Any CPU.ActiveCfg = Debug|Any CPU
		{32EED29B-2482-4EDD-B0DE-5D6D5A93C4A7}.Debug|Any CPU.Build.0 = Debug|Any CPU
		{32EED29B-2482-4EDD-B0DE-5D6D5A93C4A7}.Release|Any CPU.ActiveCfg = Release|Any CPU
		{32EED29B-2482-4EDD-B0DE-5D6D5A93C4A7}.Release|Any CPU.Build.0 = Release|Any CPU
		{A03D8A19-1C5F-46E6-A23D-BDFBD552900C}.Debug|Any CPU.ActiveCfg = Debug|Any CPU
		{A03D8A19-1C5F-46E6-A23D-BDFBD552900C}.Debug|Any CPU.Build.0 = Debug|Any CPU
		{A03D8A19-1C5F-46E6-A23D-BDFBD552900C}.Release|Any CPU.ActiveCfg = Release|Any CPU
		{A03D8A19-1C5F-46E6-A23D-BDFBD552900C}.Release|Any CPU.Build.0 = Release|Any CPU
	EndGlobalSection
	GlobalSection(SolutionProperties) = preSolution
		HideSolutionNode = FALSE
	EndGlobalSection
	GlobalSection(NestedProjects) = preSolution
		{62B66FCD-7F99-43D0-B1CD-D8E46C6C92B6} = {9DB88F39-EE33-4510-A490-488FFFC2FB63}
		{80FADEF6-586E-4EE0-BB52-0625F7EA5B9C} = {9DB88F39-EE33-4510-A490-488FFFC2FB63}
		{E25BB0D1-1F73-48F1-AA2D-E229C260E439} = {9DB88F39-EE33-4510-A490-488FFFC2FB63}
		{D1F6F43E-CE70-40FB-8819-80EE7C8B649F} = {9DB88F39-EE33-4510-A490-488FFFC2FB63}
		{05BF5DC7-FF0E-4ACD-81C5-55432A995FDC} = {9DB88F39-EE33-4510-A490-488FFFC2FB63}
		{29ABECFA-FEA1-4475-B91B-9F78EE63AF61} = {1BA8F7D6-E5E4-4278-88D1-B3E41DB17C4F}
		{12C4F0A8-1B76-4B69-9037-30A160C42FB4} = {1BA8F7D6-E5E4-4278-88D1-B3E41DB17C4F}
		{30EBADB7-F1D8-4F38-BB3D-B6459ECBD3BF} = {1BA8F7D6-E5E4-4278-88D1-B3E41DB17C4F}
		{09FC7C4B-F63C-4D9C-8A12-28BDF4BF1394} = {1BA8F7D6-E5E4-4278-88D1-B3E41DB17C4F}
		{E857958F-6872-4F21-ACBB-F357C4ED315C} = {1BA8F7D6-E5E4-4278-88D1-B3E41DB17C4F}
		{DC5088AC-AEEE-4CB7-B47E-CA77BA18C7DA} = {1BA8F7D6-E5E4-4278-88D1-B3E41DB17C4F}
		{D025E3F6-7002-4F17-AA2C-E7A89359B3C7} = {1BA8F7D6-E5E4-4278-88D1-B3E41DB17C4F}
		{1255EA13-B5D4-4C80-8C68-F64B9C743510} = {1BA8F7D6-E5E4-4278-88D1-B3E41DB17C4F}
		{9E62AFDB-21B8-4D75-9ADB-E427EBF54CFF} = {1BA8F7D6-E5E4-4278-88D1-B3E41DB17C4F}
		{8B0F0EDF-7772-455C-BA57-056D662347BB} = {1BA8F7D6-E5E4-4278-88D1-B3E41DB17C4F}
		{32EED29B-2482-4EDD-B0DE-5D6D5A93C4A7} = {1BA8F7D6-E5E4-4278-88D1-B3E41DB17C4F}
		{89D2DBE5-405F-41ED-82EB-E9D65FC5009E} = {116C20DE-5265-4971-8A57-C9BFA10E124C}
		{170C0072-050A-4395-ABA4-B8E42FF001E3} = {116C20DE-5265-4971-8A57-C9BFA10E124C}
		{34D626F9-84E4-4A53-ABC3-197E73038D0C} = {116C20DE-5265-4971-8A57-C9BFA10E124C}
		{1728A3B5-5D57-4E2D-B92A-45F101DAD31B} = {56DDC395-6D25-4BFF-9484-81285E7D449D}
		{56B022DC-F6A1-4611-932D-C170A47C0679} = {56DDC395-6D25-4BFF-9484-81285E7D449D}
	EndGlobalSection
	GlobalSection(ExtensibilityGlobals) = postSolution
		VisualSVNWorkingCopyRoot = .
	EndGlobalSection
EndGlobal
